
Microsoft Visual Studio Solution File, Format Version 12.00
# Visual Studio Version 17
VisualStudioVersion = 17.0.32014.148
MinimumVisualStudioVersion = 10.0.40219.1
Project("{FAE04EC0-301F-11D3-BF4B-00C04F79EFBC}") = "ZigzagConversion", "ZigzagConversion.csproj", "{6CC507D7-F29E-4853-9CFE-202B9CF59C8B}"
EndProject
Global
	GlobalSection(SolutionConfigurationPlatforms) = preSolution
		Debug|Any CPU = Debug|Any CPU
		Release|Any CPU = Release|Any CPU
	EndGlobalSection
	GlobalSection(ProjectConfigurationPlatforms) = postSolution
		{6CC507D7-F29E-4853-9CFE-202B9CF59C8B}.Debug|Any CPU.ActiveCfg = Debug|Any CPU
		{6CC507D7-F29E-4853-9CFE-202B9CF59C8B}.Debug|Any CPU.Build.0 = Debug|Any CPU
		{6CC507D7-F29E-4853-9CFE-202B9CF59C8B}.Release|Any CPU.ActiveCfg = Release|Any CPU
		{6CC507D7-F29E-4853-9CFE-202B9CF59C8B}.Release|Any CPU.Build.0 = Release|Any CPU
	EndGlobalSection
	GlobalSection(SolutionProperties) = preSolution
		HideSolutionNode = FALSE
	EndGlobalSection
	GlobalSection(ExtensibilityGlobals) = postSolution
		SolutionGuid = {4D815927-56A9-49AD-8B79-CCC1128CEB5B}
	EndGlobalSection
EndGlobal
