
Microsoft Visual Studio Solution File, Format Version 12.00
# Visual Studio Version 17
VisualStudioVersion = 17.0.32014.148
MinimumVisualStudioVersion = 10.0.40219.1
Project("{FAE04EC0-301F-11D3-BF4B-00C04F79EFBC}") = "LongestPalindromicSubString", "LongestPalindromicSubString.csproj", "{4E961D34-F907-46EF-A745-B384BEFA2FF4}"
EndProject
Global
	GlobalSection(SolutionConfigurationPlatforms) = preSolution
		Debug|Any CPU = Debug|Any CPU
		Release|Any CPU = Release|Any CPU
	EndGlobalSection
	GlobalSection(ProjectConfigurationPlatforms) = postSolution
		{4E961D34-F907-46EF-A745-B384BEFA2FF4}.Debug|Any CPU.ActiveCfg = Debug|Any CPU
		{4E961D34-F907-46EF-A745-B384BEFA2FF4}.Debug|Any CPU.Build.0 = Debug|Any CPU
		{4E961D34-F907-46EF-A745-B384BEFA2FF4}.Release|Any CPU.ActiveCfg = Release|Any CPU
		{4E961D34-F907-46EF-A745-B384BEFA2FF4}.Release|Any CPU.Build.0 = Release|Any CPU
	EndGlobalSection
	GlobalSection(SolutionProperties) = preSolution
		HideSolutionNode = FALSE
	EndGlobalSection
	GlobalSection(ExtensibilityGlobals) = postSolution
		SolutionGuid = {03B66320-12D3-454B-9BA4-F02A91CE821D}
	EndGlobalSection
EndGlobal
